<?xml version="1.0" encoding="UTF-8" standalone="yes" ?>
<CodeBlocks_project_file>
	<FileVersion major="1" minor="6" />
	<Project>
		<Option title="NBSimulator" />
		<Option pch_mode="2" />
		<Option compiler="gcc" />
		<Build>
			<Target title="Debug">
				<Option output="bin/Debug/NBSimulator" prefix_auto="1" extension_auto="1" />
				<Option object_output="obj/Debug/" />
				<Option type="1" />
				<Option compiler="gcc" />
				<Compiler>
					<Add option="-g" />
				</Compiler>
			</Target>
			<Target title="Release">
				<Option output="bin/Release/NBSimulator" prefix_auto="1" extension_auto="1" />
				<Option object_output="obj/Release/" />
				<Option type="0" />
				<Option compiler="gcc" />
				<Compiler>
					<Add option="-O2" />
				</Compiler>
				<Linker>
					<Add option="-s" />
				</Linker>
			</Target>
		</Build>
		<Compiler>
			<Add option="-Wall" />
		</Compiler>
		<Linker>
			<Add library="gdi32" />
			<Add library="user32" />
			<Add library="kernel32" />
			<Add library="comctl32" />
		</Linker>
		<Unit filename="audio/music.c">
			<Option compilerVar="CC" />
		</Unit>
		<Unit filename="audio/music.h" />
		<Unit filename="exceptionhandler/ExceptionHandle.c">
			<Option compilerVar="CC" />
		</Unit>
		<Unit filename="exceptionhandler/ExceptionHandle.h" />
		<Unit filename="logger/Logger.c">
			<Option compilerVar="CC" />
		</Unit>
		<Unit filename="logger/Logger.h" />
		<Unit filename="main/NBS.c">
			<Option compilerVar="CC" />
		</Unit>
		<Unit filename="main/NBS.h" />
		<Unit filename="math/lnmath.c">
			<Option compilerVar="CC" />
		</Unit>
		<Unit filename="math/lnmath.h" />
		<Unit filename="math/ptmath.c">
			<Option compilerVar="CC" />
		</Unit>
		<Unit filename="math/ptmath.h" />
		<Unit filename="math/vecmath.c">
			<Option compilerVar="CC" />
		</Unit>
		<Unit filename="math/vecmath.h" />
		<Unit filename="music/Autumn_Nights.mp3" />
		<Unit filename="music/Mercury.mp3" />
		<Unit filename="music/Moon_Garden.mp3" />
		<Unit filename="opengl/Colour.c">
			<Option compilerVar="CC" />
		</Unit>
		<Unit filename="opengl/Colour.h" />
		<Unit filename="opengl/NBSGL.c">
			<Option compilerVar="CC" />
		</Unit>
		<Unit filename="opengl/NBSGL.h" />
		<Unit filename="physics/physics.c">
			<Option compilerVar="CC" />
		</Unit>
		<Unit filename="physics/physics.h" />
		<Unit filename="resources/icon.ico" />
		<Unit filename="resources/resource.h" />
		<Unit filename="resources/resource.rc">
			<Option compilerVar="WINDRES" />
		</Unit>
		<Unit filename="resources/splash.bmp" />
		<Unit filename="saveload/SaveLoad.c">
			<Option compilerVar="CC" />
		</Unit>
		<Unit filename="saveload/SaveLoad.h" />
		<Unit filename="simulator/Sim.c">
			<Option compilerVar="CC" />
		</Unit>
		<Unit filename="simulator/Sim.h" />
		<Unit filename="sounds/Exp.mp3" />
		<Unit filename="window/NBSTimer.c">
			<Option compilerVar="CC" />
		</Unit>
		<Unit filename="window/NBSTimer.h" />
		<Unit filename="window/NBSWin.c">
			<Option compilerVar="CC" />
		</Unit>
		<Unit filename="window/NBSWin.h" />
		<Extensions>
			<code_completion />
			<envvars />
			<debugger />
			<lib_finder disable_auto="1" />
		</Extensions>
	</Project>
</CodeBlocks_project_file>
